PODS:
  - Flutter (1.0.0)
  - integration_test (0.0.1):
    - Flutter
  - jm_baidu_stt_plugin (0.0.4):
    - Flutter

DEPENDENCIES:
  - Flutter (from `Flutter`)
  - integration_test (from `.symlinks/plugins/integration_test/ios`)
  - jm_baidu_stt_plugin (from `.symlinks/plugins/jm_baidu_stt_plugin/ios`)

EXTERNAL SOURCES:
  Flutter:
    :path: Flutter
  integration_test:
    :path: ".symlinks/plugins/integration_test/ios"
  jm_baidu_stt_plugin:
    :path: ".symlinks/plugins/jm_baidu_stt_plugin/ios"

SPEC CHECKSUMS:
  Flutter: cabc95a1d2626b1b06e7179b784ebcf0c0cde467
  integration_test: 4a889634ef21a45d28d50d622cf412dc6d9f586e
  jm_baidu_stt_plugin: 0c0a8da54217def2e349cf46426b544f2b584846

PODFILE CHECKSUM: 3c63482e143d1b91d2d2560aee9fb04ecc74ac7e

COCOAPODS: 1.16.2
